
Microsoft Visual Studio Solution File, Format Version 12.00
# Visual Studio Version 16
VisualStudioVersion = 16.0.30204.135
MinimumVisualStudioVersion = 10.0.40219.1
Project("{FAE04EC0-301F-11D3-BF4B-00C04F79EFBC}") = "TaskWithControlsUI", "TaskWithControlsUI.csproj", "{4BF29D3D-A2D3-450C-9F48-128451CE19D4}"
EndProject
Global
	GlobalSection(SolutionConfigurationPlatforms) = preSolution
		Debug|Any CPU = Debug|Any CPU
		Release|Any CPU = Release|Any CPU
	EndGlobalSection
	GlobalSection(ProjectConfigurationPlatforms) = postSolution
		{4BF29D3D-A2D3-450C-9F48-128451CE19D4}.Debug|Any CPU.ActiveCfg = Debug|Any CPU
		{4BF29D3D-A2D3-450C-9F48-128451CE19D4}.Debug|Any CPU.Build.0 = Debug|Any CPU
		{4BF29D3D-A2D3-450C-9F48-128451CE19D4}.Release|Any CPU.ActiveCfg = Release|Any CPU
		{4BF29D3D-A2D3-450C-9F48-128451CE19D4}.Release|Any CPU.Build.0 = Release|Any CPU
	EndGlobalSection
	GlobalSection(SolutionProperties) = preSolution
		HideSolutionNode = FALSE
	EndGlobalSection
	GlobalSection(ExtensibilityGlobals) = postSolution
		SolutionGuid = {0BA797D5-A7DF-43D7-BC0B-D5F507746995}
	EndGlobalSection
EndGlobal
